
Microsoft Visual Studio Solution File, Format Version 12.00
# Visual Studio Version 17
VisualStudioVersion = 17.7.34221.43
MinimumVisualStudioVersion = 10.0.40219.1
Project("{FAE04EC0-301F-11D3-BF4B-00C04F79EFBC}") = "ConsoleApp01", "ConsoleApp01\ConsoleApp01.csproj", "{D68B2601-C6D1-4ABD-A785-79E3738538BC}"
EndProject
Global
	GlobalSection(SolutionConfigurationPlatforms) = preSolution
		Debug|Any CPU = Debug|Any CPU
		Release|Any CPU = Release|Any CPU
	EndGlobalSection
	GlobalSection(ProjectConfigurationPlatforms) = postSolution
		{D68B2601-C6D1-4ABD-A785-79E3738538BC}.Debug|Any CPU.ActiveCfg = Debug|Any CPU
		{D68B2601-C6D1-4ABD-A785-79E3738538BC}.Debug|Any CPU.Build.0 = Debug|Any CPU
		{D68B2601-C6D1-4ABD-A785-79E3738538BC}.Release|Any CPU.ActiveCfg = Release|Any CPU
		{D68B2601-C6D1-4ABD-A785-79E3738538BC}.Release|Any CPU.Build.0 = Release|Any CPU
	EndGlobalSection
	GlobalSection(SolutionProperties) = preSolution
		HideSolutionNode = FALSE
	EndGlobalSection
	GlobalSection(ExtensibilityGlobals) = postSolution
		SolutionGuid = {FBCEA083-A9AB-4AF7-B4F8-7244528DB66E}
	EndGlobalSection
EndGlobal
